
Microsoft Visual Studio Solution File, Format Version 12.00
# Visual Studio Version 17
VisualStudioVersion = 17.10.34928.147
MinimumVisualStudioVersion = 10.0.40219.1
Project("{FAE04EC0-301F-11D3-BF4B-00C04F79EFBC}") = "Value and Reference Type in C#", "Value and Reference Type in C#\Value and Reference Type in C#.csproj", "{2C29510F-79E1-42D7-B77A-FC0D4E4E068D}"
EndProject
Global
	GlobalSection(SolutionConfigurationPlatforms) = preSolution
		Debug|Any CPU = Debug|Any CPU
		Release|Any CPU = Release|Any CPU
	EndGlobalSection
	GlobalSection(ProjectConfigurationPlatforms) = postSolution
		{2C29510F-79E1-42D7-B77A-FC0D4E4E068D}.Debug|Any CPU.ActiveCfg = Debug|Any CPU
		{2C29510F-79E1-42D7-B77A-FC0D4E4E068D}.Debug|Any CPU.Build.0 = Debug|Any CPU
		{2C29510F-79E1-42D7-B77A-FC0D4E4E068D}.Release|Any CPU.ActiveCfg = Release|Any CPU
		{2C29510F-79E1-42D7-B77A-FC0D4E4E068D}.Release|Any CPU.Build.0 = Release|Any CPU
	EndGlobalSection
	GlobalSection(SolutionProperties) = preSolution
		HideSolutionNode = FALSE
	EndGlobalSection
	GlobalSection(ExtensibilityGlobals) = postSolution
		SolutionGuid = {F34C7087-C5E9-4D6F-BCF8-F20437D6C57D}
	EndGlobalSection
EndGlobal
